
Microsoft Visual Studio Solution File, Format Version 12.00
# Visual Studio 14
VisualStudioVersion = 14.0.25123.0
MinimumVisualStudioVersion = 10.0.40219.1
Project("{FAE04EC0-301F-11D3-BF4B-00C04F79EFBC}") = "Clinic", "Clinic\Clinic.csproj", "{9A03B3D3-19D4-4F12-B2B5-56C2C931F854}"
EndProject
Project("{FAE04EC0-301F-11D3-BF4B-00C04F79EFBC}") = "WPFGUI", "WPFGUI\WPFGUI.csproj", "{BB1A6C23-81E6-457E-B95B-60C3AE74C966}"
EndProject
Global
	GlobalSection(SolutionConfigurationPlatforms) = preSolution
		Debug|Any CPU = Debug|Any CPU
		Release|Any CPU = Release|Any CPU
	EndGlobalSection
	GlobalSection(ProjectConfigurationPlatforms) = postSolution
		{9A03B3D3-19D4-4F12-B2B5-56C2C931F854}.Debug|Any CPU.ActiveCfg = Debug|Any CPU
		{9A03B3D3-19D4-4F12-B2B5-56C2C931F854}.Debug|Any CPU.Build.0 = Debug|Any CPU
		{9A03B3D3-19D4-4F12-B2B5-56C2C931F854}.Release|Any CPU.ActiveCfg = Release|Any CPU
		{9A03B3D3-19D4-4F12-B2B5-56C2C931F854}.Release|Any CPU.Build.0 = Release|Any CPU
		{BB1A6C23-81E6-457E-B95B-60C3AE74C966}.Debug|Any CPU.ActiveCfg = Debug|Any CPU
		{BB1A6C23-81E6-457E-B95B-60C3AE74C966}.Debug|Any CPU.Build.0 = Debug|Any CPU
		{BB1A6C23-81E6-457E-B95B-60C3AE74C966}.Release|Any CPU.ActiveCfg = Release|Any CPU
		{BB1A6C23-81E6-457E-B95B-60C3AE74C966}.Release|Any CPU.Build.0 = Release|Any CPU
	EndGlobalSection
	GlobalSection(SolutionProperties) = preSolution
		HideSolutionNode = FALSE
	EndGlobalSection
EndGlobal
